PODS:
  - Alamofire (5.0.0-rc.3)
  - HandyJSON (5.0.1)
  - RxCocoa (5.0.0):
    - RxRelay (~> 5)
    - RxSwift (~> 5)
  - RxRelay (5.0.0):
    - RxSwift (~> 5)
  - RxSwift (5.0.0)

DEPENDENCIES:
  - Alamofire (~> 5.0.0-rc.3)
  - HandyJSON (~> 5.0.1)
  - RxCocoa
  - RxSwift

SPEC REPOS:
  https://github.com/CocoaPods/Specs.git:
    - RxCocoa
    - RxRelay
    - RxSwift
  trunk:
    - Alamofire
    - HandyJSON

SPEC CHECKSUMS:
  Alamofire: ca8c0de6906873be89d6deec5c8de279e00bf872
  HandyJSON: d45b8415c501e3affc59ca9762c1197ff0feb646
  RxCocoa: fcf32050ac00d801f34a7f71d5e8e7f23026dcd8
  RxRelay: 4f7409406a51a55cd88483f21ed898c234d60f18
  RxSwift: 8b0671caa829a763bbce7271095859121cbd895f

PODFILE CHECKSUM: 6c727d74faecf4f7a81dc12778ba248408ef4220

COCOAPODS: 1.9.1
